
Microsoft Visual Studio Solution File, Format Version 12.00
# Visual Studio Version 16
VisualStudioVersion = 16.0.30611.23
MinimumVisualStudioVersion = 10.0.40219.1
Project("{9A19103F-16F7-4668-BE54-9A1E7A4F7556}") = "CommandLineTool", "PlexMovieListConverter\CommandLineTool.csproj", "{54A9C4EF-AFC6-4C73-8775-DC607B8519B6}"
EndProject
Project("{9A19103F-16F7-4668-BE54-9A1E7A4F7556}") = "WebApp", "WebApp\WebApp.csproj", "{D8694734-0763-4B1B-AEEC-F1B2001CFE23}"
EndProject
Project("{9A19103F-16F7-4668-BE54-9A1E7A4F7556}") = "PlexXMLConverter", "PlexXMLConverter\PlexXMLConverter.csproj", "{B0E3DCB9-C1C6-47E4-91C1-596629299CBB}"
EndProject
Global
	GlobalSection(SolutionConfigurationPlatforms) = preSolution
		Debug|Any CPU = Debug|Any CPU
		Release|Any CPU = Release|Any CPU
	EndGlobalSection
	GlobalSection(ProjectConfigurationPlatforms) = postSolution
		{54A9C4EF-AFC6-4C73-8775-DC607B8519B6}.Debug|Any CPU.ActiveCfg = Debug|Any CPU
		{54A9C4EF-AFC6-4C73-8775-DC607B8519B6}.Debug|Any CPU.Build.0 = Debug|Any CPU
		{54A9C4EF-AFC6-4C73-8775-DC607B8519B6}.Release|Any CPU.ActiveCfg = Release|Any CPU
		{54A9C4EF-AFC6-4C73-8775-DC607B8519B6}.Release|Any CPU.Build.0 = Release|Any CPU
		{D8694734-0763-4B1B-AEEC-F1B2001CFE23}.Debug|Any CPU.ActiveCfg = Debug|Any CPU
		{D8694734-0763-4B1B-AEEC-F1B2001CFE23}.Debug|Any CPU.Build.0 = Debug|Any CPU
		{D8694734-0763-4B1B-AEEC-F1B2001CFE23}.Release|Any CPU.ActiveCfg = Release|Any CPU
		{D8694734-0763-4B1B-AEEC-F1B2001CFE23}.Release|Any CPU.Build.0 = Release|Any CPU
		{B0E3DCB9-C1C6-47E4-91C1-596629299CBB}.Debug|Any CPU.ActiveCfg = Debug|Any CPU
		{B0E3DCB9-C1C6-47E4-91C1-596629299CBB}.Debug|Any CPU.Build.0 = Debug|Any CPU
		{B0E3DCB9-C1C6-47E4-91C1-596629299CBB}.Release|Any CPU.ActiveCfg = Release|Any CPU
		{B0E3DCB9-C1C6-47E4-91C1-596629299CBB}.Release|Any CPU.Build.0 = Release|Any CPU
	EndGlobalSection
	GlobalSection(SolutionProperties) = preSolution
		HideSolutionNode = FALSE
	EndGlobalSection
	GlobalSection(ExtensibilityGlobals) = postSolution
		SolutionGuid = {507C7C0A-994C-4AAC-99A7-1DC4FE12C714}
	EndGlobalSection
EndGlobal
